# This file is autogenerated, do not edit; changes may be undone by the next 'dep ensure'.


[[projects]]
  branch = "projects/VPC"
  name = "github.com/freebsd/freebsd"
  packages = [
    "libexec/go/src/go.freebsd.org/sys/vpc",
    "libexec/go/src/go.freebsd.org/sys/vpc/ethlink",
    "libexec/go/src/go.freebsd.org/sys/vpc/mgmt",
    "libexec/go/src/go.freebsd.org/sys/vpc/vmnic",
    "libexec/go/src/go.freebsd.org/sys/vpc/vpcsw",
    "libexec/go/src/go.freebsd.org/sys/vpc/vpctest"
  ]
  revision = "c20d5d004fe589518ffe467bc2d2c2aa21f7a619"
  source = "github.com/joyent/freebsd/libexec/go/src/go.freebsd.org/sys/vpc"

[[projects]]
  branch = "master"
  name = "github.com/kylelemons/godebug"
  packages = [
    "diff",
    "pretty"
  ]
  revision = "d65d576e9348f5982d7f6d83682b694e731a45c6"

[[projects]]
  branch = "master"
  name = "github.com/pkg/errors"
  packages = ["."]
  revision = "30136e27e2ac8d167177e8a583aa4c3fea5be833"

[[projects]]
  name = "github.com/rs/zerolog"
  packages = [
    ".",
    "internal/json",
    "log"
  ]
  revision = "56a970de510213e50dbaa39ad73ac07c9ec75606"
  version = "v1.5.0"

[[projects]]
  name = "github.com/satori/go.uuid"
  packages = ["."]
  revision = "f58768cc1a7a7e77a3bd49e98cdd21419399b6a3"
  version = "v1.2.0"

[[projects]]
  branch = "master"
  name = "github.com/sean-/seed"
  packages = ["."]
  revision = "e2103e2c35297fb7e17febb81e49b312087a2372"

[solve-meta]
  analyzer-name = "dep"
  analyzer-version = 1
  inputs-digest = "c251378c5aaf22624e8171d852a6d16c30428bdd05faac5bc65828179ea66029"
  solver-name = "gps-cdcl"
  solver-version = 1
